// !$*UTF8*$!
{
	archiveVersion = 1;
	classes = {
	};
	objectVersion = 55;
	objects = {

/* Begin PBXBuildFile section */
		6538FEE4272A7A3900A95BC9 /* MainMapViewController.swift in Sources */ = {isa = PBXBuildFile; fileRef = 6538FEE3272A7A3900A95BC9 /* MainMapViewController.swift */; };
		6538FEEB272AEA5E00A95BC9 /* CardViewController.swift in Sources */ = {isa = PBXBuildFile; fileRef = 6538FEE9272AEA5E00A95BC9 /* CardViewController.swift */; };
		6538FEEC272AEA5E00A95BC9 /* CardViewController.xib in Resources */ = {isa = PBXBuildFile; fileRef = 6538FEEA272AEA5E00A95BC9 /* CardViewController.xib */; };
		6561B16E274CE11900B0AB8A /* GoogleService-Info.plist in Resources */ = {isa = PBXBuildFile; fileRef = 6561B16D274CE11900B0AB8A /* GoogleService-Info.plist */; };
		6583F387276081DC002A4517 /* WelcomeBackViewController.swift in Sources */ = {isa = PBXBuildFile; fileRef = 6583F386276081DC002A4517 /* WelcomeBackViewController.swift */; };
		6583F389276081FD002A4517 /* TakePFPViewController.swift in Sources */ = {isa = PBXBuildFile; fileRef = 6583F388276081FD002A4517 /* TakePFPViewController.swift */; };
		65B695612763A7AB00CF0BDA /* CustomPin.swift in Sources */ = {isa = PBXBuildFile; fileRef = 65B695602763A7AB00CF0BDA /* CustomPin.swift */; };
		65BF8ED42720051F009A8DC1 /* AppDelegate.swift in Sources */ = {isa = PBXBuildFile; fileRef = 65BF8ED32720051F009A8DC1 /* AppDelegate.swift */; };
		65BF8ED62720051F009A8DC1 /* SceneDelegate.swift in Sources */ = {isa = PBXBuildFile; fileRef = 65BF8ED52720051F009A8DC1 /* SceneDelegate.swift */; };
		65BF8ED82720051F009A8DC1 /* LoginSignUpViewController.swift in Sources */ = {isa = PBXBuildFile; fileRef = 65BF8ED72720051F009A8DC1 /* LoginSignUpViewController.swift */; };
		65BF8EDB2720051F009A8DC1 /* Main.storyboard in Resources */ = {isa = PBXBuildFile; fileRef = 65BF8ED92720051F009A8DC1 /* Main.storyboard */; };
		65BF8EDD27200521009A8DC1 /* Assets.xcassets in Resources */ = {isa = PBXBuildFile; fileRef = 65BF8EDC27200521009A8DC1 /* Assets.xcassets */; };
		65BF8EE027200521009A8DC1 /* LaunchScreen.storyboard in Resources */ = {isa = PBXBuildFile; fileRef = 65BF8EDE27200521009A8DC1 /* LaunchScreen.storyboard */; };
		65BF8EE827200CB9009A8DC1 /* SignInViewController.swift in Sources */ = {isa = PBXBuildFile; fileRef = 65BF8EE727200CB9009A8DC1 /* SignInViewController.swift */; };
		65BF8EEC272015E5009A8DC1 /* CustomButton.swift in Sources */ = {isa = PBXBuildFile; fileRef = 65BF8EEA272015E4009A8DC1 /* CustomButton.swift */; };
		65BF8EED272015E5009A8DC1 /* OHCircleSegue.swift in Sources */ = {isa = PBXBuildFile; fileRef = 65BF8EEB272015E4009A8DC1 /* OHCircleSegue.swift */; };
		65BF8EEF2720B486009A8DC1 /* SignUpViewController.swift in Sources */ = {isa = PBXBuildFile; fileRef = 65BF8EEE2720B486009A8DC1 /* SignUpViewController.swift */; };
		891495D2A143DD772C06FFBA /* Pods_UCSC_Meets.framework in Frameworks */ = {isa = PBXBuildFile; fileRef = 25AAECC3CB2A54C9CB6B60C4 /* Pods_UCSC_Meets.framework */; };
/* End PBXBuildFile section */

/* Begin PBXFileReference section */
		25AAECC3CB2A54C9CB6B60C4 /* Pods_UCSC_Meets.framework */ = {isa = PBXFileReference; explicitFileType = wrapper.framework; includeInIndex = 0; path = Pods_UCSC_Meets.framework; sourceTree = BUILT_PRODUCTS_DIR; };
		6538FEE3272A7A3900A95BC9 /* MainMapViewController.swift */ = {isa = PBXFileReference; lastKnownFileType = sourcecode.swift; path = MainMapViewController.swift; sourceTree = "<group>"; };
		6538FEE9272AEA5E00A95BC9 /* CardViewController.swift */ = {isa = PBXFileReference; fileEncoding = 4; lastKnownFileType = sourcecode.swift; path = CardViewController.swift; sourceTree = "<group>"; };
		6538FEEA272AEA5E00A95BC9 /* CardViewController.xib */ = {isa = PBXFileReference; fileEncoding = 4; lastKnownFileType = file.xib; path = CardViewController.xib; sourceTree = "<group>"; };
		6561B16D274CE11900B0AB8A /* GoogleService-Info.plist */ = {isa = PBXFileReference; fileEncoding = 4; lastKnownFileType = text.plist.xml; path = "GoogleService-Info.plist"; sourceTree = "<group>"; };
		6583F386276081DC002A4517 /* WelcomeBackViewController.swift */ = {isa = PBXFileReference; lastKnownFileType = sourcecode.swift; path = WelcomeBackViewController.swift; sourceTree = "<group>"; };
		6583F388276081FD002A4517 /* TakePFPViewController.swift */ = {isa = PBXFileReference; lastKnownFileType = sourcecode.swift; path = TakePFPViewController.swift; sourceTree = "<group>"; };
		65B695602763A7AB00CF0BDA /* CustomPin.swift */ = {isa = PBXFileReference; lastKnownFileType = sourcecode.swift; path = CustomPin.swift; sourceTree = "<group>"; };
		65BF8ED02720051F009A8DC1 /* UCSC Meets.app */ = {isa = PBXFileReference; explicitFileType = wrapper.application; includeInIndex = 0; path = "UCSC Meets.app"; sourceTree = BUILT_PRODUCTS_DIR; };
		65BF8ED32720051F009A8DC1 /* AppDelegate.swift */ = {isa = PBXFileReference; lastKnownFileType = sourcecode.swift; path = AppDelegate.swift; sourceTree = "<group>"; };
		65BF8ED52720051F009A8DC1 /* SceneDelegate.swift */ = {isa = PBXFileReference; lastKnownFileType = sourcecode.swift; path = SceneDelegate.swift; sourceTree = "<group>"; };
		65BF8ED72720051F009A8DC1 /* LoginSignUpViewController.swift */ = {isa = PBXFileReference; lastKnownFileType = sourcecode.swift; path = LoginSignUpViewController.swift; sourceTree = "<group>"; };
		65BF8EDA2720051F009A8DC1 /* Base */ = {isa = PBXFileReference; lastKnownFileType = file.storyboard; name = Base; path = Base.lproj/Main.storyboard; sourceTree = "<group>"; };
		65BF8EDC27200521009A8DC1 /* Assets.xcassets */ = {isa = PBXFileReference; lastKnownFileType = folder.assetcatalog; path = Assets.xcassets; sourceTree = "<group>"; };
		65BF8EDF27200521009A8DC1 /* Base */ = {isa = PBXFileReference; lastKnownFileType = file.storyboard; name = Base; path = Base.lproj/LaunchScreen.storyboard; sourceTree = "<group>"; };
		65BF8EE127200521009A8DC1 /* Info.plist */ = {isa = PBXFileReference; lastKnownFileType = text.plist.xml; path = Info.plist; sourceTree = "<group>"; };
		65BF8EE727200CB9009A8DC1 /* SignInViewController.swift */ = {isa = PBXFileReference; lastKnownFileType = sourcecode.swift; path = SignInViewController.swift; sourceTree = "<group>"; };
		65BF8EEA272015E4009A8DC1 /* CustomButton.swift */ = {isa = PBXFileReference; fileEncoding = 4; lastKnownFileType = sourcecode.swift; path = CustomButton.swift; sourceTree = "<group>"; };
		65BF8EEB272015E4009A8DC1 /* OHCircleSegue.swift */ = {isa = PBXFileReference; fileEncoding = 4; lastKnownFileType = sourcecode.swift; path = OHCircleSegue.swift; sourceTree = "<group>"; };
		65BF8EEE2720B486009A8DC1 /* SignUpViewController.swift */ = {isa = PBXFileReference; lastKnownFileType = sourcecode.swift; path = SignUpViewController.swift; sourceTree = "<group>"; };
		BE05776C0C443BC7A7F99722 /* Pods-UCSC Meets.release.xcconfig */ = {isa = PBXFileReference; includeInIndex = 1; lastKnownFileType = text.xcconfig; name = "Pods-UCSC Meets.release.xcconfig"; path = "Target Support Files/Pods-UCSC Meets/Pods-UCSC Meets.release.xcconfig"; sourceTree = "<group>"; };
		C8CE2B6AF7443E1C1F708DA5 /* Pods-UCSC Meets.debug.xcconfig */ = {isa = PBXFileReference; includeInIndex = 1; lastKnownFileType = text.xcconfig; name = "Pods-UCSC Meets.debug.xcconfig"; path = "Target Support Files/Pods-UCSC Meets/Pods-UCSC Meets.debug.xcconfig"; sourceTree = "<group>"; };
/* End PBXFileReference section */

/* Begin PBXFrameworksBuildPhase section */
		65BF8ECD2720051F009A8DC1 /* Frameworks */ = {
			isa = PBXFrameworksBuildPhase;
			buildActionMask = 2147483647;
			files = (
				891495D2A143DD772C06FFBA /* Pods_UCSC_Meets.framework in Frameworks */,
			);
			runOnlyForDeploymentPostprocessing = 0;
		};
/* End PBXFrameworksBuildPhase section */

/* Begin PBXGroup section */
		611F6D6DAA480F46A2DF364C /* Pods */ = {
			isa = PBXGroup;
			children = (
				C8CE2B6AF7443E1C1F708DA5 /* Pods-UCSC Meets.debug.xcconfig */,
				BE05776C0C443BC7A7F99722 /* Pods-UCSC Meets.release.xcconfig */,
			);
			path = Pods;
			sourceTree = "<group>";
		};
		6538FEE2272A793000A95BC9 /* ViewControllers */ = {
			isa = PBXGroup;
			children = (
				65BF8ED72720051F009A8DC1 /* LoginSignUpViewController.swift */,
				65BF8EE727200CB9009A8DC1 /* SignInViewController.swift */,
				65BF8EEE2720B486009A8DC1 /* SignUpViewController.swift */,
				6538FEE3272A7A3900A95BC9 /* MainMapViewController.swift */,
				6583F386276081DC002A4517 /* WelcomeBackViewController.swift */,
				6583F388276081FD002A4517 /* TakePFPViewController.swift */,
			);
			path = ViewControllers;
			sourceTree = "<group>";
		};
		653AE7852748DB700082C80A /* Custom ViewControllers */ = {
			isa = PBXGroup;
			children = (
				6538FEEA272AEA5E00A95BC9 /* CardViewController.xib */,
				6538FEE9272AEA5E00A95BC9 /* CardViewController.swift */,
			);
			path = "Custom ViewControllers";
			sourceTree = "<group>";
		};
		653AE7862748DBA90082C80A /* Delegates */ = {
			isa = PBXGroup;
			children = (
				65BF8ED32720051F009A8DC1 /* AppDelegate.swift */,
				65BF8ED52720051F009A8DC1 /* SceneDelegate.swift */,
			);
			path = Delegates;
			sourceTree = "<group>";
		};
		65BF8EC72720051F009A8DC1 = {
			isa = PBXGroup;
			children = (
				65BF8ED22720051F009A8DC1 /* UCSC Meets */,
				65BF8ED12720051F009A8DC1 /* Products */,
				611F6D6DAA480F46A2DF364C /* Pods */,
				7790C5EBD3D741E58A5FE4E7 /* Frameworks */,
			);
			sourceTree = "<group>";
		};
		65BF8ED12720051F009A8DC1 /* Products */ = {
			isa = PBXGroup;
			children = (
				65BF8ED02720051F009A8DC1 /* UCSC Meets.app */,
			);
			name = Products;
			sourceTree = "<group>";
		};
		65BF8ED22720051F009A8DC1 /* UCSC Meets */ = {
			isa = PBXGroup;
			children = (
				6561B16D274CE11900B0AB8A /* GoogleService-Info.plist */,
				653AE7862748DBA90082C80A /* Delegates */,
				6538FEE2272A793000A95BC9 /* ViewControllers */,
				65BF8ED92720051F009A8DC1 /* Main.storyboard */,
				65BF8EDE27200521009A8DC1 /* LaunchScreen.storyboard */,
				653AE7852748DB700082C80A /* Custom ViewControllers */,
				65BF8EE9272015E4009A8DC1 /* Custom Classes */,
				65BF8EDC27200521009A8DC1 /* Assets.xcassets */,
				65BF8EE127200521009A8DC1 /* Info.plist */,
			);
			path = "UCSC Meets";
			sourceTree = "<group>";
		};
		65BF8EE9272015E4009A8DC1 /* Custom Classes */ = {
			isa = PBXGroup;
			children = (
				65BF8EEA272015E4009A8DC1 /* CustomButton.swift */,
				65B695602763A7AB00CF0BDA /* CustomPin.swift */,
				65BF8EEB272015E4009A8DC1 /* OHCircleSegue.swift */,
			);
			name = "Custom Classes";
			path = "../../YouMethod-main/YouMethod/Custom Classes";
			sourceTree = "<group>";
		};
		7790C5EBD3D741E58A5FE4E7 /* Frameworks */ = {
			isa = PBXGroup;
			children = (
				25AAECC3CB2A54C9CB6B60C4 /* Pods_UCSC_Meets.framework */,
			);
			name = Frameworks;
			sourceTree = "<group>";
		};
/* End PBXGroup section */

/* Begin PBXNativeTarget section */
		65BF8ECF2720051F009A8DC1 /* UCSC Meets */ = {
			isa = PBXNativeTarget;
			buildConfigurationList = 65BF8EE427200521009A8DC1 /* Build configuration list for PBXNativeTarget "UCSC Meets" */;
			buildPhases = (
				0366AE4A0C6AAA93688A3F1F /* [CP] Check Pods Manifest.lock */,
				65BF8ECC2720051F009A8DC1 /* Sources */,
				65BF8ECD2720051F009A8DC1 /* Frameworks */,
				65BF8ECE2720051F009A8DC1 /* Resources */,
				1E3D4912F78044E3FE5A709F /* [CP] Embed Pods Frameworks */,
			);
			buildRules = (
			);
			dependencies = (
			);
			name = "UCSC Meets";
			productName = "UCSC Meets";
			productReference = 65BF8ED02720051F009A8DC1 /* UCSC Meets.app */;
			productType = "com.apple.product-type.application";
		};
/* End PBXNativeTarget section */

/* Begin PBXProject section */
		65BF8EC82720051F009A8DC1 /* Project object */ = {
			isa = PBXProject;
			attributes = {
				BuildIndependentTargetsInParallel = 1;
				LastSwiftUpdateCheck = 1300;
				LastUpgradeCheck = 1300;
				TargetAttributes = {
					65BF8ECF2720051F009A8DC1 = {
						CreatedOnToolsVersion = 13.0;
					};
				};
			};
			buildConfigurationList = 65BF8ECB2720051F009A8DC1 /* Build configuration list for PBXProject "UCSC Meets" */;
			compatibilityVersion = "Xcode 13.0";
			developmentRegion = en;
			hasScannedForEncodings = 0;
			knownRegions = (
				en,
				Base,
			);
			mainGroup = 65BF8EC72720051F009A8DC1;
			productRefGroup = 65BF8ED12720051F009A8DC1 /* Products */;
			projectDirPath = "";
			projectRoot = "";
			targets = (
				65BF8ECF2720051F009A8DC1 /* UCSC Meets */,
			);
		};
/* End PBXProject section */

/* Begin PBXResourcesBuildPhase section */
		65BF8ECE2720051F009A8DC1 /* Resources */ = {
			isa = PBXResourcesBuildPhase;
			buildActionMask = 2147483647;
			files = (
				6538FEEC272AEA5E00A95BC9 /* CardViewController.xib in Resources */,
				65BF8EE027200521009A8DC1 /* LaunchScreen.storyboard in Resources */,
				6561B16E274CE11900B0AB8A /* GoogleService-Info.plist in Resources */,
				65BF8EDD27200521009A8DC1 /* Assets.xcassets in Resources */,
				65BF8EDB2720051F009A8DC1 /* Main.storyboard in Resources */,
			);
			runOnlyForDeploymentPostprocessing = 0;
		};
/* End PBXResourcesBuildPhase section */

/* Begin PBXShellScriptBuildPhase section */
		0366AE4A0C6AAA93688A3F1F /* [CP] Check Pods Manifest.lock */ = {
			isa = PBXShellScriptBuildPhase;
			buildActionMask = 2147483647;
			files = (
			);
			inputFileListPaths = (
			);
			inputPaths = (
				"${PODS_PODFILE_DIR_PATH}/Podfile.lock",
				"${PODS_ROOT}/Manifest.lock",
			);
			name = "[CP] Check Pods Manifest.lock";
			outputFileListPaths = (
			);
			outputPaths = (
				"$(DERIVED_FILE_DIR)/Pods-UCSC Meets-checkManifestLockResult.txt",
			);
			runOnlyForDeploymentPostprocessing = 0;
			shellPath = /bin/sh;
			shellScript = "diff \"${PODS_PODFILE_DIR_PATH}/Podfile.lock\" \"${PODS_ROOT}/Manifest.lock\" > /dev/null\nif [ $? != 0 ] ; then\n    # print error to STDERR\n    echo \"error: The sandbox is not in sync with the Podfile.lock. Run 'pod install' or update your CocoaPods installation.\" >&2\n    exit 1\nfi\n# This output is used by Xcode 'outputs' to avoid re-running this script phase.\necho \"SUCCESS\" > \"${SCRIPT_OUTPUT_FILE_0}\"\n";
			showEnvVarsInLog = 0;
		};
		1E3D4912F78044E3FE5A709F /* [CP] Embed Pods Frameworks */ = {
			isa = PBXShellScriptBuildPhase;
			buildActionMask = 2147483647;
			files = (
			);
			inputFileListPaths = (
				"${PODS_ROOT}/Target Support Files/Pods-UCSC Meets/Pods-UCSC Meets-frameworks-${CONFIGURATION}-input-files.xcfilelist",
			);
			name = "[CP] Embed Pods Frameworks";
			outputFileListPaths = (
				"${PODS_ROOT}/Target Support Files/Pods-UCSC Meets/Pods-UCSC Meets-frameworks-${CONFIGURATION}-output-files.xcfilelist",
			);
			runOnlyForDeploymentPostprocessing = 0;
			shellPath = /bin/sh;
			shellScript = "\"${PODS_ROOT}/Target Support Files/Pods-UCSC Meets/Pods-UCSC Meets-frameworks.sh\"\n";
			showEnvVarsInLog = 0;
		};
/* End PBXShellScriptBuildPhase section */

/* Begin PBXSourcesBuildPhase section */
		65BF8ECC2720051F009A8DC1 /* Sources */ = {
			isa = PBXSourcesBuildPhase;
			buildActionMask = 2147483647;
			files = (
				65B695612763A7AB00CF0BDA /* CustomPin.swift in Sources */,
				65BF8EE827200CB9009A8DC1 /* SignInViewController.swift in Sources */,
				65BF8EEF2720B486009A8DC1 /* SignUpViewController.swift in Sources */,
				6583F389276081FD002A4517 /* TakePFPViewController.swift in Sources */,
				6583F387276081DC002A4517 /* WelcomeBackViewController.swift in Sources */,
				65BF8ED82720051F009A8DC1 /* LoginSignUpViewController.swift in Sources */,
				65BF8ED42720051F009A8DC1 /* AppDelegate.swift in Sources */,
				65BF8ED62720051F009A8DC1 /* SceneDelegate.swift in Sources */,
				6538FEEB272AEA5E00A95BC9 /* CardViewController.swift in Sources */,
				65BF8EED272015E5009A8DC1 /* OHCircleSegue.swift in Sources */,
				65BF8EEC272015E5009A8DC1 /* CustomButton.swift in Sources */,
				6538FEE4272A7A3900A95BC9 /* MainMapViewController.swift in Sources */,
			);
			runOnlyForDeploymentPostprocessing = 0;
		};
/* End PBXSourcesBuildPhase section */

/* Begin PBXVariantGroup section */
		65BF8ED92720051F009A8DC1 /* Main.storyboard */ = {
			isa = PBXVariantGroup;
			children = (
				65BF8EDA2720051F009A8DC1 /* Base */,
			);
			name = Main.storyboard;
			sourceTree = "<group>";
		};
		65BF8EDE27200521009A8DC1 /* LaunchScreen.storyboard */ = {
			isa = PBXVariantGroup;
			children = (
				65BF8EDF27200521009A8DC1 /* Base */,
			);
			name = LaunchScreen.storyboard;
			sourceTree = "<group>";
		};
/* End PBXVariantGroup section */

/* Begin XCBuildConfiguration section */
		65BF8EE227200521009A8DC1 /* Debug */ = {
			isa = XCBuildConfiguration;
			buildSettings = {
				ALWAYS_SEARCH_USER_PATHS = NO;
				CLANG_ANALYZER_NONNULL = YES;
				CLANG_ANALYZER_NUMBER_OBJECT_CONVERSION = YES_AGGRESSIVE;
				CLANG_CXX_LANGUAGE_STANDARD = "gnu++17";
				CLANG_CXX_LIBRARY = "libc++";
				CLANG_ENABLE_MODULES = YES;
				CLANG_ENABLE_OBJC_ARC = YES;
				CLANG_ENABLE_OBJC_WEAK = YES;
				CLANG_WARN_BLOCK_CAPTURE_AUTORELEASING = YES;
				CLANG_WARN_BOOL_CONVERSION = YES;
				CLANG_WARN_COMMA = YES;
				CLANG_WARN_CONSTANT_CONVERSION = YES;
				CLANG_WARN_DEPRECATED_OBJC_IMPLEMENTATIONS = YES;
				CLANG_WARN_DIRECT_OBJC_ISA_USAGE = YES_ERROR;
				CLANG_WARN_DOCUMENTATION_COMMENTS = YES;
				CLANG_WARN_EMPTY_BODY = YES;
				CLANG_WARN_ENUM_CONVERSION = YES;
				CLANG_WARN_INFINITE_RECURSION = YES;
				CLANG_WARN_INT_CONVERSION = YES;
				CLANG_WARN_NON_LITERAL_NULL_CONVERSION = YES;
				CLANG_WARN_OBJC_IMPLICIT_RETAIN_SELF = YES;
				CLANG_WARN_OBJC_LITERAL_CONVERSION = YES;
				CLANG_WARN_OBJC_ROOT_CLASS = YES_ERROR;
				CLANG_WARN_QUOTED_INCLUDE_IN_FRAMEWORK_HEADER = YES;
				CLANG_WARN_RANGE_LOOP_ANALYSIS = YES;
				CLANG_WARN_STRICT_PROTOTYPES = YES;
				CLANG_WARN_SUSPICIOUS_MOVE = YES;
				CLANG_WARN_UNGUARDED_AVAILABILITY = YES_AGGRESSIVE;
				CLANG_WARN_UNREACHABLE_CODE = YES;
				CLANG_WARN__DUPLICATE_METHOD_MATCH = YES;
				COPY_PHASE_STRIP = NO;
				DEBUG_INFORMATION_FORMAT = dwarf;
				ENABLE_STRICT_OBJC_MSGSEND = YES;
				ENABLE_TESTABILITY = YES;
				GCC_C_LANGUAGE_STANDARD = gnu11;
				GCC_DYNAMIC_NO_PIC = NO;
				GCC_NO_COMMON_BLOCKS = YES;
				GCC_OPTIMIZATION_LEVEL = 0;
				GCC_PREPROCESSOR_DEFINITIONS = (
					"DEBUG=1",
					"$(inherited)",
				);
				GCC_WARN_64_TO_32_BIT_CONVERSION = YES;
				GCC_WARN_ABOUT_RETURN_TYPE = YES_ERROR;
				GCC_WARN_UNDECLARED_SELECTOR = YES;
				GCC_WARN_UNINITIALIZED_AUTOS = YES_AGGRESSIVE;
				GCC_WARN_UNUSED_FUNCTION = YES;
				GCC_WARN_UNUSED_VARIABLE = YES;
				IPHONEOS_DEPLOYMENT_TARGET = 14.7;
				MTL_ENABLE_DEBUG_INFO = INCLUDE_SOURCE;
				MTL_FAST_MATH = YES;
				ONLY_ACTIVE_ARCH = YES;
				SDKROOT = iphoneos;
				SWIFT_ACTIVE_COMPILATION_CONDITIONS = DEBUG;
				SWIFT_OPTIMIZATION_LEVEL = "-Onone";
			};
			name = Debug;
		};
		65BF8EE327200521009A8DC1 /* Release */ = {
			isa = XCBuildConfiguration;
			buildSettings = {
				ALWAYS_SEARCH_USER_PATHS = NO;
				CLANG_ANALYZER_NONNULL = YES;
				CLANG_ANALYZER_NUMBER_OBJECT_CONVERSION = YES_AGGRESSIVE;
				CLANG_CXX_LANGUAGE_STANDARD = "gnu++17";
				CLANG_CXX_LIBRARY = "libc++";
				CLANG_ENABLE_MODULES = YES;
				CLANG_ENABLE_OBJC_ARC = YES;
				CLANG_ENABLE_OBJC_WEAK = YES;
				CLANG_WARN_BLOCK_CAPTURE_AUTORELEASING = YES;
				CLANG_WARN_BOOL_CONVERSION = YES;
				CLANG_WARN_COMMA = YES;
				CLANG_WARN_CONSTANT_CONVERSION = YES;
				CLANG_WARN_DEPRECATED_OBJC_IMPLEMENTATIONS = YES;
				CLANG_WARN_DIRECT_OBJC_ISA_USAGE = YES_ERROR;
				CLANG_WARN_DOCUMENTATION_COMMENTS = YES;
				CLANG_WARN_EMPTY_BODY = YES;
				CLANG_WARN_ENUM_CONVERSION = YES;
				CLANG_WARN_INFINITE_RECURSION = YES;
				CLANG_WARN_INT_CONVERSION = YES;
				CLANG_WARN_NON_LITERAL_NULL_CONVERSION = YES;
				CLANG_WARN_OBJC_IMPLICIT_RETAIN_SELF = YES;
				CLANG_WARN_OBJC_LITERAL_CONVERSION = YES;
				CLANG_WARN_OBJC_ROOT_CLASS = YES_ERROR;
				CLANG_WARN_QUOTED_INCLUDE_IN_FRAMEWORK_HEADER = YES;
				CLANG_WARN_RANGE_LOOP_ANALYSIS = YES;
				CLANG_WARN_STRICT_PROTOTYPES = YES;
				CLANG_WARN_SUSPICIOUS_MOVE = YES;
				CLANG_WARN_UNGUARDED_AVAILABILITY = YES_AGGRESSIVE;
				CLANG_WARN_UNREACHABLE_CODE = YES;
				CLANG_WARN__DUPLICATE_METHOD_MATCH = YES;
				COPY_PHASE_STRIP = NO;
				DEBUG_INFORMATION_FORMAT = "dwarf-with-dsym";
				ENABLE_NS_ASSERTIONS = NO;
				ENABLE_STRICT_OBJC_MSGSEND = YES;
				GCC_C_LANGUAGE_STANDARD = gnu11;
				GCC_NO_COMMON_BLOCKS = YES;
				GCC_WARN_64_TO_32_BIT_CONVERSION = YES;
				GCC_WARN_ABOUT_RETURN_TYPE = YES_ERROR;
				GCC_WARN_UNDECLARED_SELECTOR = YES;
				GCC_WARN_UNINITIALIZED_AUTOS = YES_AGGRESSIVE;
				GCC_WARN_UNUSED_FUNCTION = YES;
				GCC_WARN_UNUSED_VARIABLE = YES;
				IPHONEOS_DEPLOYMENT_TARGET = 14.7;
				MTL_ENABLE_DEBUG_INFO = NO;
				MTL_FAST_MATH = YES;
				SDKROOT = iphoneos;
				SWIFT_COMPILATION_MODE = wholemodule;
				SWIFT_OPTIMIZATION_LEVEL = "-O";
				VALIDATE_PRODUCT = YES;
			};
			name = Release;
		};
		65BF8EE527200521009A8DC1 /* Debug */ = {
			isa = XCBuildConfiguration;
			baseConfigurationReference = C8CE2B6AF7443E1C1F708DA5 /* Pods-UCSC Meets.debug.xcconfig */;
			buildSettings = {
				ASSETCATALOG_COMPILER_APPICON_NAME = AppIcon;
				ASSETCATALOG_COMPILER_GLOBAL_ACCENT_COLOR_NAME = AccentColor;
				CODE_SIGN_STYLE = Automatic;
				CURRENT_PROJECT_VERSION = 1;
				DEVELOPMENT_TEAM = GYVU2SNZW9;
				GENERATE_INFOPLIST_FILE = YES;
				INFOPLIST_FILE = "UCSC Meets/Info.plist";
				INFOPLIST_KEY_UIApplicationSupportsIndirectInputEvents = YES;
				INFOPLIST_KEY_UILaunchStoryboardName = LaunchScreen;
				INFOPLIST_KEY_UIMainStoryboardFile = Main;
				INFOPLIST_KEY_UISupportedInterfaceOrientations_iPad = "UIInterfaceOrientationPortrait UIInterfaceOrientationPortraitUpsideDown UIInterfaceOrientationLandscapeLeft UIInterfaceOrientationLandscapeRight";
				INFOPLIST_KEY_UISupportedInterfaceOrientations_iPhone = "UIInterfaceOrientationPortrait UIInterfaceOrientationLandscapeLeft UIInterfaceOrientationLandscapeRight";
				LD_RUNPATH_SEARCH_PATHS = (
					"$(inherited)",
					"@executable_path/Frameworks",
				);
				MARKETING_VERSION = 1.0;
				PRODUCT_BUNDLE_IDENTIFIER = "com.DillonKermani.UCSC-Meets";
				PRODUCT_NAME = "$(TARGET_NAME)";
				SWIFT_EMIT_LOC_STRINGS = YES;
				SWIFT_VERSION = 5.0;
				TARGETED_DEVICE_FAMILY = "1,2";
			};
			name = Debug;
		};
		65BF8EE627200521009A8DC1 /* Release */ = {
			isa = XCBuildConfiguration;
			baseConfigurationReference = BE05776C0C443BC7A7F99722 /* Pods-UCSC Meets.release.xcconfig */;
			buildSettings = {
				ASSETCATALOG_COMPILER_APPICON_NAME = AppIcon;
				ASSETCATALOG_COMPILER_GLOBAL_ACCENT_COLOR_NAME = AccentColor;
				CODE_SIGN_STYLE = Automatic;
				CURRENT_PROJECT_VERSION = 1;
				DEVELOPMENT_TEAM = GYVU2SNZW9;
				GENERATE_INFOPLIST_FILE = YES;
				INFOPLIST_FILE = "UCSC Meets/Info.plist";
				INFOPLIST_KEY_UIApplicationSupportsIndirectInputEvents = YES;
				INFOPLIST_KEY_UILaunchStoryboardName = LaunchScreen;
				INFOPLIST_KEY_UIMainStoryboardFile = Main;
				INFOPLIST_KEY_UISupportedInterfaceOrientations_iPad = "UIInterfaceOrientationPortrait UIInterfaceOrientationPortraitUpsideDown UIInterfaceOrientationLandscapeLeft UIInterfaceOrientationLandscapeRight";
				INFOPLIST_KEY_UISupportedInterfaceOrientations_iPhone = "UIInterfaceOrientationPortrait UIInterfaceOrientationLandscapeLeft UIInterfaceOrientationLandscapeRight";
				LD_RUNPATH_SEARCH_PATHS = (
					"$(inherited)",
					"@executable_path/Frameworks",
				);
				MARKETING_VERSION = 1.0;
				PRODUCT_BUNDLE_IDENTIFIER = "com.DillonKermani.UCSC-Meets";
				PRODUCT_NAME = "$(TARGET_NAME)";
				SWIFT_EMIT_LOC_STRINGS = YES;
				SWIFT_VERSION = 5.0;
				TARGETED_DEVICE_FAMILY = "1,2";
			};
			name = Release;
		};
/* End XCBuildConfiguration section */

/* Begin XCConfigurationList section */
		65BF8ECB2720051F009A8DC1 /* Build configuration list for PBXProject "UCSC Meets" */ = {
			isa = XCConfigurationList;
			buildConfigurations = (
				65BF8EE227200521009A8DC1 /* Debug */,
				65BF8EE327200521009A8DC1 /* Release */,
			);
			defaultConfigurationIsVisible = 0;
			defaultConfigurationName = Release;
		};
		65BF8EE427200521009A8DC1 /* Build configuration list for PBXNativeTarget "UCSC Meets" */ = {
			isa = XCConfigurationList;
			buildConfigurations = (
				65BF8EE527200521009A8DC1 /* Debug */,
				65BF8EE627200521009A8DC1 /* Release */,
			);
			defaultConfigurationIsVisible = 0;
			defaultConfigurationName = Release;
		};
/* End XCConfigurationList section */
	};
	rootObject = 65BF8EC82720051F009A8DC1 /* Project object */;
}
